
Microsoft Visual Studio Solution File, Format Version 12.00
# Visual Studio Version 17
VisualStudioVersion = 17.4.33403.182
MinimumVisualStudioVersion = 10.0.40219.1
Project("{FAE04EC0-301F-11D3-BF4B-00C04F79EFBC}") = "BigSchool", "BigSchool\BigSchool.csproj", "{8870653E-85B6-4930-8A11-5FF7C20506CA}"
EndProject
Global
	GlobalSection(SolutionConfigurationPlatforms) = preSolution
		Debug|Any CPU = Debug|Any CPU
		Release|Any CPU = Release|Any CPU
	EndGlobalSection
	GlobalSection(ProjectConfigurationPlatforms) = postSolution
		{8870653E-85B6-4930-8A11-5FF7C20506CA}.Debug|Any CPU.ActiveCfg = Debug|Any CPU
		{8870653E-85B6-4930-8A11-5FF7C20506CA}.Debug|Any CPU.Build.0 = Debug|Any CPU
		{8870653E-85B6-4930-8A11-5FF7C20506CA}.Release|Any CPU.ActiveCfg = Release|Any CPU
		{8870653E-85B6-4930-8A11-5FF7C20506CA}.Release|Any CPU.Build.0 = Release|Any CPU
	EndGlobalSection
	GlobalSection(SolutionProperties) = preSolution
		HideSolutionNode = FALSE
	EndGlobalSection
	GlobalSection(ExtensibilityGlobals) = postSolution
		SolutionGuid = {16192B99-1CC8-4588-81BF-672217397986}
	EndGlobalSection
EndGlobal
